
Microsoft Visual Studio Solution File, Format Version 12.00
# Visual Studio Version 16
VisualStudioVersion = 16.0.32407.337
MinimumVisualStudioVersion = 10.0.40219.1
Project("{FAE04EC0-301F-11D3-BF4B-00C04F79EFBC}") = "WebProgrammingFinal", "WebProgrammingFinal\WebProgrammingFinal.csproj", "{7FCACF84-E5EA-4ECD-A696-DDD92E771DB8}"
EndProject
Global
	GlobalSection(SolutionConfigurationPlatforms) = preSolution
		Debug|Any CPU = Debug|Any CPU
		Release|Any CPU = Release|Any CPU
	EndGlobalSection
	GlobalSection(ProjectConfigurationPlatforms) = postSolution
		{7FCACF84-E5EA-4ECD-A696-DDD92E771DB8}.Debug|Any CPU.ActiveCfg = Debug|Any CPU
		{7FCACF84-E5EA-4ECD-A696-DDD92E771DB8}.Debug|Any CPU.Build.0 = Debug|Any CPU
		{7FCACF84-E5EA-4ECD-A696-DDD92E771DB8}.Release|Any CPU.ActiveCfg = Release|Any CPU
		{7FCACF84-E5EA-4ECD-A696-DDD92E771DB8}.Release|Any CPU.Build.0 = Release|Any CPU
	EndGlobalSection
	GlobalSection(SolutionProperties) = preSolution
		HideSolutionNode = FALSE
	EndGlobalSection
	GlobalSection(ExtensibilityGlobals) = postSolution
		SolutionGuid = {ADC33D7F-D4A6-4D90-8530-0CD7A6F26EF6}
	EndGlobalSection
EndGlobal
